
Microsoft Visual Studio Solution File, Format Version 12.00
# Visual Studio 15
VisualStudioVersion = 15.0.28307.136
MinimumVisualStudioVersion = 10.0.40219.1
Project("{FAE04EC0-301F-11D3-BF4B-00C04F79EFBC}") = "Internship2-Inventory", "Internship2-Inventory\Internship2-Inventory.csproj", "{B6633861-1FD3-4957-819C-E2A79FDF7EEC}"
EndProject
Global
	GlobalSection(SolutionConfigurationPlatforms) = preSolution
		Debug|Any CPU = Debug|Any CPU
		Release|Any CPU = Release|Any CPU
	EndGlobalSection
	GlobalSection(ProjectConfigurationPlatforms) = postSolution
		{B6633861-1FD3-4957-819C-E2A79FDF7EEC}.Debug|Any CPU.ActiveCfg = Debug|Any CPU
		{B6633861-1FD3-4957-819C-E2A79FDF7EEC}.Debug|Any CPU.Build.0 = Debug|Any CPU
		{B6633861-1FD3-4957-819C-E2A79FDF7EEC}.Release|Any CPU.ActiveCfg = Release|Any CPU
		{B6633861-1FD3-4957-819C-E2A79FDF7EEC}.Release|Any CPU.Build.0 = Release|Any CPU
	EndGlobalSection
	GlobalSection(SolutionProperties) = preSolution
		HideSolutionNode = FALSE
	EndGlobalSection
	GlobalSection(ExtensibilityGlobals) = postSolution
		SolutionGuid = {C8C5C27D-E802-424E-B99E-50C5D89E12C7}
	EndGlobalSection
EndGlobal
